
Microsoft Visual Studio Solution File, Format Version 12.00
# Visual Studio 15
Project("{FAE04EC0-301F-11D3-BF4B-00C04F79EFBC}") = "Assembly-CSharp", "Assembly-CSharp.csproj", "{8F9062FE-1C51-FF1F-2F6B-5CD88B2C502B}"
EndProject
Project("{FAE04EC0-301F-11D3-BF4B-00C04F79EFBC}") = "PathCreator", "PathCreator.csproj", "{3409B5FB-E9D9-54A6-AF94-7E2D2E4AA0B9}"
EndProject
Project("{FAE04EC0-301F-11D3-BF4B-00C04F79EFBC}") = "PathCreatorEditor", "PathCreatorEditor.csproj", "{8B2AF8E1-9C4C-D6ED-A901-C0E920E6EAEB}"
EndProject
Project("{FAE04EC0-301F-11D3-BF4B-00C04F79EFBC}") = "Assembly-CSharp-Editor", "Assembly-CSharp-Editor.csproj", "{892ED9FA-EAB2-231A-DC70-C6DCFA6E8ED9}"
EndProject
Global
	GlobalSection(SolutionConfigurationPlatforms) = preSolution
		Debug|Any CPU = Debug|Any CPU
		Release|Any CPU = Release|Any CPU
	EndGlobalSection
	GlobalSection(ProjectConfigurationPlatforms) = postSolution
		{8F9062FE-1C51-FF1F-2F6B-5CD88B2C502B}.Debug|Any CPU.ActiveCfg = Debug|Any CPU
		{8F9062FE-1C51-FF1F-2F6B-5CD88B2C502B}.Debug|Any CPU.Build.0 = Debug|Any CPU
		{8F9062FE-1C51-FF1F-2F6B-5CD88B2C502B}.Release|Any CPU.ActiveCfg = Release|Any CPU
		{8F9062FE-1C51-FF1F-2F6B-5CD88B2C502B}.Release|Any CPU.Build.0 = Release|Any CPU
		{3409B5FB-E9D9-54A6-AF94-7E2D2E4AA0B9}.Debug|Any CPU.ActiveCfg = Debug|Any CPU
		{3409B5FB-E9D9-54A6-AF94-7E2D2E4AA0B9}.Debug|Any CPU.Build.0 = Debug|Any CPU
		{3409B5FB-E9D9-54A6-AF94-7E2D2E4AA0B9}.Release|Any CPU.ActiveCfg = Release|Any CPU
		{3409B5FB-E9D9-54A6-AF94-7E2D2E4AA0B9}.Release|Any CPU.Build.0 = Release|Any CPU
		{8B2AF8E1-9C4C-D6ED-A901-C0E920E6EAEB}.Debug|Any CPU.ActiveCfg = Debug|Any CPU
		{8B2AF8E1-9C4C-D6ED-A901-C0E920E6EAEB}.Debug|Any CPU.Build.0 = Debug|Any CPU
		{8B2AF8E1-9C4C-D6ED-A901-C0E920E6EAEB}.Release|Any CPU.ActiveCfg = Release|Any CPU
		{8B2AF8E1-9C4C-D6ED-A901-C0E920E6EAEB}.Release|Any CPU.Build.0 = Release|Any CPU
		{892ED9FA-EAB2-231A-DC70-C6DCFA6E8ED9}.Debug|Any CPU.ActiveCfg = Debug|Any CPU
		{892ED9FA-EAB2-231A-DC70-C6DCFA6E8ED9}.Debug|Any CPU.Build.0 = Debug|Any CPU
		{892ED9FA-EAB2-231A-DC70-C6DCFA6E8ED9}.Release|Any CPU.ActiveCfg = Release|Any CPU
		{892ED9FA-EAB2-231A-DC70-C6DCFA6E8ED9}.Release|Any CPU.Build.0 = Release|Any CPU
	EndGlobalSection
	GlobalSection(SolutionProperties) = preSolution
		HideSolutionNode = FALSE
	EndGlobalSection
EndGlobal
